
Microsoft Visual Studio Solution File, Format Version 12.00
# Visual Studio 15
VisualStudioVersion = 15.0.27703.2035
MinimumVisualStudioVersion = 10.0.40219.1
Project("{FAE04EC0-301F-11D3-BF4B-00C04F79EFBC}") = "SHF", "SHF\SHF.csproj", "{E692C3AE-FDB0-405E-AAA4-06E5BC25EDFB}"
EndProject
Project("{FAE04EC0-301F-11D3-BF4B-00C04F79EFBC}") = "DAL", "DAL\DAL.csproj", "{92CD216C-31CB-461A-B9FF-DE8EE6C2FDBA}"
EndProject
Project("{FAE04EC0-301F-11D3-BF4B-00C04F79EFBC}") = "BLL", "BLL\BLL.csproj", "{F41C1C01-AE1C-4807-B747-489774142B73}"
EndProject
Project("{FAE04EC0-301F-11D3-BF4B-00C04F79EFBC}") = "Model", "Model\Model.csproj", "{0D5DC7EF-76AE-4128-A67C-455D46883A2C}"
EndProject
Global
	GlobalSection(SolutionConfigurationPlatforms) = preSolution
		Debug|Any CPU = Debug|Any CPU
		Release|Any CPU = Release|Any CPU
	EndGlobalSection
	GlobalSection(ProjectConfigurationPlatforms) = postSolution
		{E692C3AE-FDB0-405E-AAA4-06E5BC25EDFB}.Debug|Any CPU.ActiveCfg = Debug|Any CPU
		{E692C3AE-FDB0-405E-AAA4-06E5BC25EDFB}.Debug|Any CPU.Build.0 = Debug|Any CPU
		{E692C3AE-FDB0-405E-AAA4-06E5BC25EDFB}.Release|Any CPU.ActiveCfg = Release|Any CPU
		{E692C3AE-FDB0-405E-AAA4-06E5BC25EDFB}.Release|Any CPU.Build.0 = Release|Any CPU
		{92CD216C-31CB-461A-B9FF-DE8EE6C2FDBA}.Debug|Any CPU.ActiveCfg = Debug|Any CPU
		{92CD216C-31CB-461A-B9FF-DE8EE6C2FDBA}.Debug|Any CPU.Build.0 = Debug|Any CPU
		{92CD216C-31CB-461A-B9FF-DE8EE6C2FDBA}.Release|Any CPU.ActiveCfg = Release|Any CPU
		{92CD216C-31CB-461A-B9FF-DE8EE6C2FDBA}.Release|Any CPU.Build.0 = Release|Any CPU
		{F41C1C01-AE1C-4807-B747-489774142B73}.Debug|Any CPU.ActiveCfg = Debug|Any CPU
		{F41C1C01-AE1C-4807-B747-489774142B73}.Debug|Any CPU.Build.0 = Debug|Any CPU
		{F41C1C01-AE1C-4807-B747-489774142B73}.Release|Any CPU.ActiveCfg = Release|Any CPU
		{F41C1C01-AE1C-4807-B747-489774142B73}.Release|Any CPU.Build.0 = Release|Any CPU
		{0D5DC7EF-76AE-4128-A67C-455D46883A2C}.Debug|Any CPU.ActiveCfg = Debug|Any CPU
		{0D5DC7EF-76AE-4128-A67C-455D46883A2C}.Debug|Any CPU.Build.0 = Debug|Any CPU
		{0D5DC7EF-76AE-4128-A67C-455D46883A2C}.Release|Any CPU.ActiveCfg = Release|Any CPU
		{0D5DC7EF-76AE-4128-A67C-455D46883A2C}.Release|Any CPU.Build.0 = Release|Any CPU
	EndGlobalSection
	GlobalSection(SolutionProperties) = preSolution
		HideSolutionNode = FALSE
	EndGlobalSection
	GlobalSection(ExtensibilityGlobals) = postSolution
		SolutionGuid = {B8E65CED-717B-4E05-A261-532FAB79A4B0}
	EndGlobalSection
EndGlobal
